
Microsoft Visual Studio Solution File, Format Version 12.00
# Visual Studio Version 17
VisualStudioVersion = 17.11.35327.3
MinimumVisualStudioVersion = 10.0.40219.1
Project("{FAE04EC0-301F-11D3-BF4B-00C04F79EFBC}") = "ShareCare", "ShareCare.csproj", "{A080CEBC-75E0-4953-9F6A-8AE58D867ADE}"
EndProject
Global
	GlobalSection(SolutionConfigurationPlatforms) = preSolution
		Debug|Any CPU = Debug|Any CPU
		Release|Any CPU = Release|Any CPU
	EndGlobalSection
	GlobalSection(ProjectConfigurationPlatforms) = postSolution
		{A080CEBC-75E0-4953-9F6A-8AE58D867ADE}.Debug|Any CPU.ActiveCfg = Debug|Any CPU
		{A080CEBC-75E0-4953-9F6A-8AE58D867ADE}.Debug|Any CPU.Build.0 = Debug|Any CPU
		{A080CEBC-75E0-4953-9F6A-8AE58D867ADE}.Release|Any CPU.ActiveCfg = Release|Any CPU
		{A080CEBC-75E0-4953-9F6A-8AE58D867ADE}.Release|Any CPU.Build.0 = Release|Any CPU
	EndGlobalSection
	GlobalSection(SolutionProperties) = preSolution
		HideSolutionNode = FALSE
	EndGlobalSection
	GlobalSection(ExtensibilityGlobals) = postSolution
		SolutionGuid = {A8870C2B-5E75-46D7-B5D3-AD5A8D66E6FA}
	EndGlobalSection
EndGlobal
